
Microsoft Visual Studio Solution File, Format Version 12.00
# Visual Studio Version 16
VisualStudioVersion = 16.0.30517.126
MinimumVisualStudioVersion = 10.0.40219.1
Project("{FAE04EC0-301F-11D3-BF4B-00C04F79EFBC}") = "Caesar_cipher", "Caesar_cipher\Caesar_cipher.csproj", "{2F2B16B4-2726-4C1C-987B-9418F38B810A}"
EndProject
Project("{FAE04EC0-301F-11D3-BF4B-00C04F79EFBC}") = "Caesar_cipher.UnitTests", "Caesar_cipher.UnitTests\Caesar_cipher.UnitTests.csproj", "{A121B5E9-78C5-4886-B81E-5B7C82B4B3E8}"
EndProject
Global
	GlobalSection(SolutionConfigurationPlatforms) = preSolution
		Debug|Any CPU = Debug|Any CPU
		Release|Any CPU = Release|Any CPU
	EndGlobalSection
	GlobalSection(ProjectConfigurationPlatforms) = postSolution
		{2F2B16B4-2726-4C1C-987B-9418F38B810A}.Debug|Any CPU.ActiveCfg = Debug|Any CPU
		{2F2B16B4-2726-4C1C-987B-9418F38B810A}.Debug|Any CPU.Build.0 = Debug|Any CPU
		{2F2B16B4-2726-4C1C-987B-9418F38B810A}.Release|Any CPU.ActiveCfg = Release|Any CPU
		{2F2B16B4-2726-4C1C-987B-9418F38B810A}.Release|Any CPU.Build.0 = Release|Any CPU
		{A121B5E9-78C5-4886-B81E-5B7C82B4B3E8}.Debug|Any CPU.ActiveCfg = Debug|Any CPU
		{A121B5E9-78C5-4886-B81E-5B7C82B4B3E8}.Debug|Any CPU.Build.0 = Debug|Any CPU
		{A121B5E9-78C5-4886-B81E-5B7C82B4B3E8}.Release|Any CPU.ActiveCfg = Release|Any CPU
		{A121B5E9-78C5-4886-B81E-5B7C82B4B3E8}.Release|Any CPU.Build.0 = Release|Any CPU
	EndGlobalSection
	GlobalSection(SolutionProperties) = preSolution
		HideSolutionNode = FALSE
	EndGlobalSection
	GlobalSection(ExtensibilityGlobals) = postSolution
		SolutionGuid = {17C61C08-E125-423F-A783-2E900494FCD2}
	EndGlobalSection
EndGlobal
